
Microsoft Visual Studio Solution File, Format Version 12.00
# Visual Studio Version 17
VisualStudioVersion = 17.10.35027.167
MinimumVisualStudioVersion = 10.0.40219.1
Project("{FAE04EC0-301F-11D3-BF4B-00C04F79EFBC}") = "APIGateway_RR201098", "APIGateway_RR201098\APIGateway_RR201098.csproj", "{CC35CF35-C95C-43D5-94DC-D5050F3C2405}"
EndProject
Project("{FAE04EC0-301F-11D3-BF4B-00C04F79EFBC}") = "ProductoAPI", "ProductoAPI\ProductoAPI.csproj", "{82672FCF-2E27-4D36-ACC3-186A378BBB38}"
EndProject
Project("{FAE04EC0-301F-11D3-BF4B-00C04F79EFBC}") = "LibroAPI", "LibroAPI\LibroAPI.csproj", "{0B01FC7F-28D8-4769-9ACC-5F13CD8A762E}"
EndProject
Global
	GlobalSection(SolutionConfigurationPlatforms) = preSolution
		Debug|Any CPU = Debug|Any CPU
		Release|Any CPU = Release|Any CPU
	EndGlobalSection
	GlobalSection(ProjectConfigurationPlatforms) = postSolution
		{CC35CF35-C95C-43D5-94DC-D5050F3C2405}.Debug|Any CPU.ActiveCfg = Debug|Any CPU
		{CC35CF35-C95C-43D5-94DC-D5050F3C2405}.Debug|Any CPU.Build.0 = Debug|Any CPU
		{CC35CF35-C95C-43D5-94DC-D5050F3C2405}.Release|Any CPU.ActiveCfg = Release|Any CPU
		{CC35CF35-C95C-43D5-94DC-D5050F3C2405}.Release|Any CPU.Build.0 = Release|Any CPU
		{82672FCF-2E27-4D36-ACC3-186A378BBB38}.Debug|Any CPU.ActiveCfg = Debug|Any CPU
		{82672FCF-2E27-4D36-ACC3-186A378BBB38}.Debug|Any CPU.Build.0 = Debug|Any CPU
		{82672FCF-2E27-4D36-ACC3-186A378BBB38}.Release|Any CPU.ActiveCfg = Release|Any CPU
		{82672FCF-2E27-4D36-ACC3-186A378BBB38}.Release|Any CPU.Build.0 = Release|Any CPU
		{0B01FC7F-28D8-4769-9ACC-5F13CD8A762E}.Debug|Any CPU.ActiveCfg = Debug|Any CPU
		{0B01FC7F-28D8-4769-9ACC-5F13CD8A762E}.Debug|Any CPU.Build.0 = Debug|Any CPU
		{0B01FC7F-28D8-4769-9ACC-5F13CD8A762E}.Release|Any CPU.ActiveCfg = Release|Any CPU
		{0B01FC7F-28D8-4769-9ACC-5F13CD8A762E}.Release|Any CPU.Build.0 = Release|Any CPU
	EndGlobalSection
	GlobalSection(SolutionProperties) = preSolution
		HideSolutionNode = FALSE
	EndGlobalSection
	GlobalSection(ExtensibilityGlobals) = postSolution
		SolutionGuid = {AA1A195A-0666-4A6A-AAB7-B9DC2FB3621F}
	EndGlobalSection
EndGlobal
